// !$*UTF8*$!
{
	archiveVersion = 1;
	classes = {
	};
	objectVersion = 48;
	objects = {

/* Begin PBXBuildFile section */
		A64EFC3F4C431C2D3B045E59 /* libPods-LLPlayer.a in Frameworks */ = {isa = PBXBuildFile; fileRef = 6C8411BECEF82C5B1A54C917 /* libPods-LLPlayer.a */; };
		B76066C81FAC554600231B10 /* AppDelegate.m in Sources */ = {isa = PBXBuildFile; fileRef = B76066C71FAC554600231B10 /* AppDelegate.m */; };
		B76066CE1FAC554600231B10 /* Main.storyboard in Resources */ = {isa = PBXBuildFile; fileRef = B76066CC1FAC554600231B10 /* Main.storyboard */; };
		B76066D01FAC554600231B10 /* Assets.xcassets in Resources */ = {isa = PBXBuildFile; fileRef = B76066CF1FAC554600231B10 /* Assets.xcassets */; };
		B76066D31FAC554600231B10 /* LaunchScreen.storyboard in Resources */ = {isa = PBXBuildFile; fileRef = B76066D11FAC554600231B10 /* LaunchScreen.storyboard */; };
		B76066D61FAC554600231B10 /* main.m in Sources */ = {isa = PBXBuildFile; fileRef = B76066D51FAC554600231B10 /* main.m */; };
		B76067121FAC57B800231B10 /* SBPlayer.m in Sources */ = {isa = PBXBuildFile; fileRef = B760670D1FAC57B700231B10 /* SBPlayer.m */; };
		B76067131FAC57B800231B10 /* SBPauseOrPlayView.m in Sources */ = {isa = PBXBuildFile; fileRef = B760670F1FAC57B700231B10 /* SBPauseOrPlayView.m */; };
		B76067141FAC57B800231B10 /* SBControlView.m in Sources */ = {isa = PBXBuildFile; fileRef = B76067101FAC57B800231B10 /* SBControlView.m */; };
		B764A1D01FAC650A00B151E6 /* MainTabBarViewController.m in Sources */ = {isa = PBXBuildFile; fileRef = B764A1CF1FAC650A00B151E6 /* MainTabBarViewController.m */; };
		B764A1D31FAC6C7B00B151E6 /* MainNavViewController.m in Sources */ = {isa = PBXBuildFile; fileRef = B764A1D21FAC6C7B00B151E6 /* MainNavViewController.m */; };
		B764A1D71FAEB38300B151E6 /* VideosViewController.m in Sources */ = {isa = PBXBuildFile; fileRef = B764A1D61FAEB38300B151E6 /* VideosViewController.m */; };
		B764A1DA1FAEB39000B151E6 /* RecordsViewController.m in Sources */ = {isa = PBXBuildFile; fileRef = B764A1D91FAEB39000B151E6 /* RecordsViewController.m */; };
		B764A1DD1FAEB39A00B151E6 /* ConfigViewController.m in Sources */ = {isa = PBXBuildFile; fileRef = B764A1DC1FAEB39A00B151E6 /* ConfigViewController.m */; };
		B764A1E41FAEBDAC00B151E6 /* VideoTableViewCell.m in Sources */ = {isa = PBXBuildFile; fileRef = B764A1E21FAEBDAC00B151E6 /* VideoTableViewCell.m */; };
		B764A1E51FAEBDAC00B151E6 /* VideoTableViewCell.xib in Resources */ = {isa = PBXBuildFile; fileRef = B764A1E31FAEBDAC00B151E6 /* VideoTableViewCell.xib */; };
		B764A1E81FAEC28300B151E6 /* VideoItemModel.m in Sources */ = {isa = PBXBuildFile; fileRef = B764A1E71FAEC28300B151E6 /* VideoItemModel.m */; };
		B764A1EB1FAEC5D300B151E6 /* DocumentWatcher.m in Sources */ = {isa = PBXBuildFile; fileRef = B764A1EA1FAEC5D300B151E6 /* DocumentWatcher.m */; };
		B764A1F01FAF24A100B151E6 /* VideoPlayerViewController.m in Sources */ = {isa = PBXBuildFile; fileRef = B764A1EF1FAF24A100B151E6 /* VideoPlayerViewController.m */; };
		B764A1F91FAF3D1C00B151E6 /* full_screen@2x.png in Resources */ = {isa = PBXBuildFile; fileRef = B764A1F21FAF3D1B00B151E6 /* full_screen@2x.png */; };
		B764A1FA1FAF3D1C00B151E6 /* full_screen.png in Resources */ = {isa = PBXBuildFile; fileRef = B764A1F31FAF3D1B00B151E6 /* full_screen.png */; };
		B764A1FB1FAF3D1C00B151E6 /* play.png in Resources */ = {isa = PBXBuildFile; fileRef = B764A1F41FAF3D1B00B151E6 /* play.png */; };
		B764A1FC1FAF3D1C00B151E6 /* knob.png in Resources */ = {isa = PBXBuildFile; fileRef = B764A1F51FAF3D1B00B151E6 /* knob.png */; };
		B764A1FD1FAF3D1C00B151E6 /* pause@2x.png in Resources */ = {isa = PBXBuildFile; fileRef = B764A1F61FAF3D1B00B151E6 /* pause@2x.png */; };
		B764A1FE1FAF3D1C00B151E6 /* pause.png in Resources */ = {isa = PBXBuildFile; fileRef = B764A1F71FAF3D1B00B151E6 /* pause.png */; };
		B764A1FF1FAF3D1C00B151E6 /* play@2x.png in Resources */ = {isa = PBXBuildFile; fileRef = B764A1F81FAF3D1C00B151E6 /* play@2x.png */; };
		B764A2021FAFFC7400B151E6 /* AVUtils.m in Sources */ = {isa = PBXBuildFile; fileRef = B764A2011FAFFC7400B151E6 /* AVUtils.m */; };
		B764A21A1FB1B4E600B151E6 /* Player.xcassets in Resources */ = {isa = PBXBuildFile; fileRef = B764A2191FB1B4E600B151E6 /* Player.xcassets */; };
		B764A21D1FB1BA5400B151E6 /* FileHelpers.m in Sources */ = {isa = PBXBuildFile; fileRef = B764A21C1FB1BA5300B151E6 /* FileHelpers.m */; };
		B764A23F1FB4058C00B151E6 /* ZFPlayerModel.m in Sources */ = {isa = PBXBuildFile; fileRef = B764A21F1FB4058C00B151E6 /* ZFPlayerModel.m */; };
		B764A2401FB4058C00B151E6 /* UITabBarController+ZFPlayerRotation.m in Sources */ = {isa = PBXBuildFile; fileRef = B764A2251FB4058C00B151E6 /* UITabBarController+ZFPlayerRotation.m */; };
		B764A2411FB4058C00B151E6 /* UIWindow+CurrentViewController.m in Sources */ = {isa = PBXBuildFile; fileRef = B764A22C1FB4058C00B151E6 /* UIWindow+CurrentViewController.m */; };
		B764A2421FB4058C00B151E6 /* UIView+CustomControlView.m in Sources */ = {isa = PBXBuildFile; fileRef = B764A22D1FB4058C00B151E6 /* UIView+CustomControlView.m */; };
		B764A2431FB4058C00B151E6 /* UINavigationController+ZFPlayerRotation.m in Sources */ = {isa = PBXBuildFile; fileRef = B764A22E1FB4058C00B151E6 /* UINavigationController+ZFPlayerRotation.m */; };
		B764A2441FB4058C00B151E6 /* UIAlertController+ZFPlayerRotation.m in Sources */ = {isa = PBXBuildFile; fileRef = B764A22F1FB4058C00B151E6 /* UIAlertController+ZFPlayerRotation.m */; };
		B764A2451FB4058C00B151E6 /* UIImageView+ZFCache.m in Sources */ = {isa = PBXBuildFile; fileRef = B764A2301FB4058C00B151E6 /* UIImageView+ZFCache.m */; };
		B764A2461FB4058C00B151E6 /* UIViewController+ZFPlayerRotation.m in Sources */ = {isa = PBXBuildFile; fileRef = B764A2311FB4058C00B151E6 /* UIViewController+ZFPlayerRotation.m */; };
		B764A2471FB4058C00B151E6 /* ZFBrightnessView.m in Sources */ = {isa = PBXBuildFile; fileRef = B764A2361FB4058C00B151E6 /* ZFBrightnessView.m */; };
		B764A2481FB4058C00B151E6 /* ZFPlayer.bundle in Resources */ = {isa = PBXBuildFile; fileRef = B764A2371FB4058C00B151E6 /* ZFPlayer.bundle */; };
		B764A2491FB4058C00B151E6 /* ASValuePopUpView.m in Sources */ = {isa = PBXBuildFile; fileRef = B764A2391FB4058C00B151E6 /* ASValuePopUpView.m */; };
		B764A24A1FB4058C00B151E6 /* ZFPlayerControlView.m in Sources */ = {isa = PBXBuildFile; fileRef = B764A23A1FB4058C00B151E6 /* ZFPlayerControlView.m */; };
		B764A24B1FB4058C00B151E6 /* ZFPlayerView.m in Sources */ = {isa = PBXBuildFile; fileRef = B764A23B1FB4058C00B151E6 /* ZFPlayerView.m */; };
		B764A24C1FB4058C00B151E6 /* MMMaterialDesignSpinner.m in Sources */ = {isa = PBXBuildFile; fileRef = B764A23C1FB4058C00B151E6 /* MMMaterialDesignSpinner.m */; };
		B764A24D1FB4058C00B151E6 /* ASValueTrackingSlider.m in Sources */ = {isa = PBXBuildFile; fileRef = B764A23E1FB4058C00B151E6 /* ASValueTrackingSlider.m */; };
		B764A2501FB4361400B151E6 /* MoviePlayerViewController.m in Sources */ = {isa = PBXBuildFile; fileRef = B764A24F1FB4361400B151E6 /* MoviePlayerViewController.m */; };
		B764A2541FB4371800B151E6 /* UINavigationController+ZFFullscreenPopGesture.m in Sources */ = {isa = PBXBuildFile; fileRef = B764A2521FB4371800B151E6 /* UINavigationController+ZFFullscreenPopGesture.m */; };
/* End PBXBuildFile section */

/* Begin PBXFileReference section */
		28B242DA0177ACB902252E32 /* Pods-LLPlayer.release.xcconfig */ = {isa = PBXFileReference; includeInIndex = 1; lastKnownFileType = text.xcconfig; name = "Pods-LLPlayer.release.xcconfig"; path = "Pods/Target Support Files/Pods-LLPlayer/Pods-LLPlayer.release.xcconfig"; sourceTree = "<group>"; };
		6C8411BECEF82C5B1A54C917 /* libPods-LLPlayer.a */ = {isa = PBXFileReference; explicitFileType = archive.ar; includeInIndex = 0; path = "libPods-LLPlayer.a"; sourceTree = BUILT_PRODUCTS_DIR; };
		B76066C31FAC554600231B10 /* LLPlayer.app */ = {isa = PBXFileReference; explicitFileType = wrapper.application; includeInIndex = 0; path = LLPlayer.app; sourceTree = BUILT_PRODUCTS_DIR; };
		B76066C61FAC554600231B10 /* AppDelegate.h */ = {isa = PBXFileReference; lastKnownFileType = sourcecode.c.h; path = AppDelegate.h; sourceTree = "<group>"; };
		B76066C71FAC554600231B10 /* AppDelegate.m */ = {isa = PBXFileReference; lastKnownFileType = sourcecode.c.objc; path = AppDelegate.m; sourceTree = "<group>"; };
		B76066CD1FAC554600231B10 /* Base */ = {isa = PBXFileReference; lastKnownFileType = file.storyboard; name = Base; path = Base.lproj/Main.storyboard; sourceTree = "<group>"; };
		B76066CF1FAC554600231B10 /* Assets.xcassets */ = {isa = PBXFileReference; lastKnownFileType = folder.assetcatalog; path = Assets.xcassets; sourceTree = "<group>"; };
		B76066D21FAC554600231B10 /* Base */ = {isa = PBXFileReference; lastKnownFileType = file.storyboard; name = Base; path = Base.lproj/LaunchScreen.storyboard; sourceTree = "<group>"; };
		B76066D41FAC554600231B10 /* Info.plist */ = {isa = PBXFileReference; lastKnownFileType = text.plist.xml; path = Info.plist; sourceTree = "<group>"; };
		B76066D51FAC554600231B10 /* main.m */ = {isa = PBXFileReference; lastKnownFileType = sourcecode.c.objc; path = main.m; sourceTree = "<group>"; };
		B760670B1FAC57B700231B10 /* SBPlayer.h */ = {isa = PBXFileReference; fileEncoding = 4; lastKnownFileType = sourcecode.c.h; path = SBPlayer.h; sourceTree = "<group>"; };
		B760670C1FAC57B700231B10 /* SBPauseOrPlayView.h */ = {isa = PBXFileReference; fileEncoding = 4; lastKnownFileType = sourcecode.c.h; path = SBPauseOrPlayView.h; sourceTree = "<group>"; };
		B760670D1FAC57B700231B10 /* SBPlayer.m */ = {isa = PBXFileReference; fileEncoding = 4; lastKnownFileType = sourcecode.c.objc; path = SBPlayer.m; sourceTree = "<group>"; };
		B760670E1FAC57B700231B10 /* SBCommonHeader.h */ = {isa = PBXFileReference; fileEncoding = 4; lastKnownFileType = sourcecode.c.h; path = SBCommonHeader.h; sourceTree = "<group>"; };
		B760670F1FAC57B700231B10 /* SBPauseOrPlayView.m */ = {isa = PBXFileReference; fileEncoding = 4; lastKnownFileType = sourcecode.c.objc; path = SBPauseOrPlayView.m; sourceTree = "<group>"; };
		B76067101FAC57B800231B10 /* SBControlView.m */ = {isa = PBXFileReference; fileEncoding = 4; lastKnownFileType = sourcecode.c.objc; path = SBControlView.m; sourceTree = "<group>"; };
		B76067111FAC57B800231B10 /* SBControlView.h */ = {isa = PBXFileReference; fileEncoding = 4; lastKnownFileType = sourcecode.c.h; path = SBControlView.h; sourceTree = "<group>"; };
		B764A1CE1FAC650A00B151E6 /* MainTabBarViewController.h */ = {isa = PBXFileReference; lastKnownFileType = sourcecode.c.h; path = MainTabBarViewController.h; sourceTree = "<group>"; };
		B764A1CF1FAC650A00B151E6 /* MainTabBarViewController.m */ = {isa = PBXFileReference; lastKnownFileType = sourcecode.c.objc; path = MainTabBarViewController.m; sourceTree = "<group>"; };
		B764A1D11FAC6C7B00B151E6 /* MainNavViewController.h */ = {isa = PBXFileReference; lastKnownFileType = sourcecode.c.h; path = MainNavViewController.h; sourceTree = "<group>"; };
		B764A1D21FAC6C7B00B151E6 /* MainNavViewController.m */ = {isa = PBXFileReference; lastKnownFileType = sourcecode.c.objc; path = MainNavViewController.m; sourceTree = "<group>"; };
		B764A1D51FAEB38300B151E6 /* VideosViewController.h */ = {isa = PBXFileReference; lastKnownFileType = sourcecode.c.h; path = VideosViewController.h; sourceTree = "<group>"; };
		B764A1D61FAEB38300B151E6 /* VideosViewController.m */ = {isa = PBXFileReference; lastKnownFileType = sourcecode.c.objc; path = VideosViewController.m; sourceTree = "<group>"; };
		B764A1D81FAEB39000B151E6 /* RecordsViewController.h */ = {isa = PBXFileReference; lastKnownFileType = sourcecode.c.h; path = RecordsViewController.h; sourceTree = "<group>"; };
		B764A1D91FAEB39000B151E6 /* RecordsViewController.m */ = {isa = PBXFileReference; lastKnownFileType = sourcecode.c.objc; path = RecordsViewController.m; sourceTree = "<group>"; };
		B764A1DB1FAEB39A00B151E6 /* ConfigViewController.h */ = {isa = PBXFileReference; lastKnownFileType = sourcecode.c.h; path = ConfigViewController.h; sourceTree = "<group>"; };
		B764A1DC1FAEB39A00B151E6 /* ConfigViewController.m */ = {isa = PBXFileReference; lastKnownFileType = sourcecode.c.objc; path = ConfigViewController.m; sourceTree = "<group>"; };
		B764A1E11FAEBDAC00B151E6 /* VideoTableViewCell.h */ = {isa = PBXFileReference; lastKnownFileType = sourcecode.c.h; path = VideoTableViewCell.h; sourceTree = "<group>"; };
		B764A1E21FAEBDAC00B151E6 /* VideoTableViewCell.m */ = {isa = PBXFileReference; lastKnownFileType = sourcecode.c.objc; path = VideoTableViewCell.m; sourceTree = "<group>"; };
		B764A1E31FAEBDAC00B151E6 /* VideoTableViewCell.xib */ = {isa = PBXFileReference; lastKnownFileType = file.xib; path = VideoTableViewCell.xib; sourceTree = "<group>"; };
		B764A1E61FAEC28300B151E6 /* VideoItemModel.h */ = {isa = PBXFileReference; lastKnownFileType = sourcecode.c.h; path = VideoItemModel.h; sourceTree = "<group>"; };
		B764A1E71FAEC28300B151E6 /* VideoItemModel.m */ = {isa = PBXFileReference; lastKnownFileType = sourcecode.c.objc; path = VideoItemModel.m; sourceTree = "<group>"; };
		B764A1E91FAEC5D300B151E6 /* DocumentWatcher.h */ = {isa = PBXFileReference; lastKnownFileType = sourcecode.c.h; path = DocumentWatcher.h; sourceTree = "<group>"; };
		B764A1EA1FAEC5D300B151E6 /* DocumentWatcher.m */ = {isa = PBXFileReference; lastKnownFileType = sourcecode.c.objc; path = DocumentWatcher.m; sourceTree = "<group>"; };
		B764A1EC1FAEC78C00B151E6 /* PrefixHeader.pch */ = {isa = PBXFileReference; lastKnownFileType = sourcecode.c.h; path = PrefixHeader.pch; sourceTree = "<group>"; };
		B764A1ED1FAEC83000B151E6 /* Macros.h */ = {isa = PBXFileReference; lastKnownFileType = sourcecode.c.h; path = Macros.h; sourceTree = "<group>"; };
		B764A1EE1FAF24A100B151E6 /* VideoPlayerViewController.h */ = {isa = PBXFileReference; lastKnownFileType = sourcecode.c.h; path = VideoPlayerViewController.h; sourceTree = "<group>"; };
		B764A1EF1FAF24A100B151E6 /* VideoPlayerViewController.m */ = {isa = PBXFileReference; lastKnownFileType = sourcecode.c.objc; path = VideoPlayerViewController.m; sourceTree = "<group>"; };
		B764A1F21FAF3D1B00B151E6 /* full_screen@2x.png */ = {isa = PBXFileReference; lastKnownFileType = image.png; path = "full_screen@2x.png"; sourceTree = "<group>"; };
		B764A1F31FAF3D1B00B151E6 /* full_screen.png */ = {isa = PBXFileReference; lastKnownFileType = image.png; path = full_screen.png; sourceTree = "<group>"; };
		B764A1F41FAF3D1B00B151E6 /* play.png */ = {isa = PBXFileReference; lastKnownFileType = image.png; path = play.png; sourceTree = "<group>"; };
		B764A1F51FAF3D1B00B151E6 /* knob.png */ = {isa = PBXFileReference; lastKnownFileType = image.png; path = knob.png; sourceTree = "<group>"; };
		B764A1F61FAF3D1B00B151E6 /* pause@2x.png */ = {isa = PBXFileReference; lastKnownFileType = image.png; path = "pause@2x.png"; sourceTree = "<group>"; };
		B764A1F71FAF3D1B00B151E6 /* pause.png */ = {isa = PBXFileReference; lastKnownFileType = image.png; path = pause.png; sourceTree = "<group>"; };
		B764A1F81FAF3D1C00B151E6 /* play@2x.png */ = {isa = PBXFileReference; lastKnownFileType = image.png; path = "play@2x.png"; sourceTree = "<group>"; };
		B764A2001FAFFC7400B151E6 /* AVUtils.h */ = {isa = PBXFileReference; lastKnownFileType = sourcecode.c.h; path = AVUtils.h; sourceTree = "<group>"; };
		B764A2011FAFFC7400B151E6 /* AVUtils.m */ = {isa = PBXFileReference; lastKnownFileType = sourcecode.c.objc; path = AVUtils.m; sourceTree = "<group>"; };
		B764A2031FAFFCA000B151E6 /* CoreMedia.framework */ = {isa = PBXFileReference; lastKnownFileType = wrapper.framework; name = CoreMedia.framework; path = System/Library/Frameworks/CoreMedia.framework; sourceTree = SDKROOT; };
		B764A2191FB1B4E600B151E6 /* Player.xcassets */ = {isa = PBXFileReference; lastKnownFileType = folder.assetcatalog; path = Player.xcassets; sourceTree = "<group>"; };
		B764A21B1FB1BA5300B151E6 /* FileHelpers.h */ = {isa = PBXFileReference; fileEncoding = 4; lastKnownFileType = sourcecode.c.h; path = FileHelpers.h; sourceTree = "<group>"; };
		B764A21C1FB1BA5300B151E6 /* FileHelpers.m */ = {isa = PBXFileReference; fileEncoding = 4; lastKnownFileType = sourcecode.c.objc; path = FileHelpers.m; sourceTree = "<group>"; };
		B764A21F1FB4058C00B151E6 /* ZFPlayerModel.m */ = {isa = PBXFileReference; fileEncoding = 4; lastKnownFileType = sourcecode.c.objc; path = ZFPlayerModel.m; sourceTree = "<group>"; };
		B764A2201FB4058C00B151E6 /* ZFPlayerControlViewDelegate.h */ = {isa = PBXFileReference; fileEncoding = 4; lastKnownFileType = sourcecode.c.h; path = ZFPlayerControlViewDelegate.h; sourceTree = "<group>"; };
		B764A2211FB4058C00B151E6 /* ZFPlayerControlView.h */ = {isa = PBXFileReference; fileEncoding = 4; lastKnownFileType = sourcecode.c.h; path = ZFPlayerControlView.h; sourceTree = "<group>"; };
		B764A2221FB4058C00B151E6 /* ASValuePopUpView.h */ = {isa = PBXFileReference; fileEncoding = 4; lastKnownFileType = sourcecode.c.h; path = ASValuePopUpView.h; sourceTree = "<group>"; };
		B764A2241FB4058C00B151E6 /* UIWindow+CurrentViewController.h */ = {isa = PBXFileReference; fileEncoding = 4; lastKnownFileType = sourcecode.c.h; path = "UIWindow+CurrentViewController.h"; sourceTree = "<group>"; };
		B764A2251FB4058C00B151E6 /* UITabBarController+ZFPlayerRotation.m */ = {isa = PBXFileReference; fileEncoding = 4; lastKnownFileType = sourcecode.c.objc; path = "UITabBarController+ZFPlayerRotation.m"; sourceTree = "<group>"; };
		B764A2261FB4058C00B151E6 /* UINavigationController+ZFPlayerRotation.h */ = {isa = PBXFileReference; fileEncoding = 4; lastKnownFileType = sourcecode.c.h; path = "UINavigationController+ZFPlayerRotation.h"; sourceTree = "<group>"; };
		B764A2271FB4058C00B151E6 /* UIView+CustomControlView.h */ = {isa = PBXFileReference; fileEncoding = 4; lastKnownFileType = sourcecode.c.h; path = "UIView+CustomControlView.h"; sourceTree = "<group>"; };
		B764A2281FB4058C00B151E6 /* UIViewController+ZFPlayerRotation.h */ = {isa = PBXFileReference; fileEncoding = 4; lastKnownFileType = sourcecode.c.h; path = "UIViewController+ZFPlayerRotation.h"; sourceTree = "<group>"; };
		B764A2291FB4058C00B151E6 /* UIImageView+ZFCache.h */ = {isa = PBXFileReference; fileEncoding = 4; lastKnownFileType = sourcecode.c.h; path = "UIImageView+ZFCache.h"; sourceTree = "<group>"; };
		B764A22A1FB4058C00B151E6 /* UIAlertController+ZFPlayerRotation.h */ = {isa = PBXFileReference; fileEncoding = 4; lastKnownFileType = sourcecode.c.h; path = "UIAlertController+ZFPlayerRotation.h"; sourceTree = "<group>"; };
		B764A22B1FB4058C00B151E6 /* UITabBarController+ZFPlayerRotation.h */ = {isa = PBXFileReference; fileEncoding = 4; lastKnownFileType = sourcecode.c.h; path = "UITabBarController+ZFPlayerRotation.h"; sourceTree = "<group>"; };
		B764A22C1FB4058C00B151E6 /* UIWindow+CurrentViewController.m */ = {isa = PBXFileReference; fileEncoding = 4; lastKnownFileType = sourcecode.c.objc; path = "UIWindow+CurrentViewController.m"; sourceTree = "<group>"; };
		B764A22D1FB4058C00B151E6 /* UIView+CustomControlView.m */ = {isa = PBXFileReference; fileEncoding = 4; lastKnownFileType = sourcecode.c.objc; path = "UIView+CustomControlView.m"; sourceTree = "<group>"; };
		B764A22E1FB4058C00B151E6 /* UINavigationController+ZFPlayerRotation.m */ = {isa = PBXFileReference; fileEncoding = 4; lastKnownFileType = sourcecode.c.objc; path = "UINavigationController+ZFPlayerRotation.m"; sourceTree = "<group>"; };
		B764A22F1FB4058C00B151E6 /* UIAlertController+ZFPlayerRotation.m */ = {isa = PBXFileReference; fileEncoding = 4; lastKnownFileType = sourcecode.c.objc; path = "UIAlertController+ZFPlayerRotation.m"; sourceTree = "<group>"; };
		B764A2301FB4058C00B151E6 /* UIImageView+ZFCache.m */ = {isa = PBXFileReference; fileEncoding = 4; lastKnownFileType = sourcecode.c.objc; path = "UIImageView+ZFCache.m"; sourceTree = "<group>"; };
		B764A2311FB4058C00B151E6 /* UIViewController+ZFPlayerRotation.m */ = {isa = PBXFileReference; fileEncoding = 4; lastKnownFileType = sourcecode.c.objc; path = "UIViewController+ZFPlayerRotation.m"; sourceTree = "<group>"; };
		B764A2321FB4058C00B151E6 /* MMMaterialDesignSpinner.h */ = {isa = PBXFileReference; fileEncoding = 4; lastKnownFileType = sourcecode.c.h; path = MMMaterialDesignSpinner.h; sourceTree = "<group>"; };
		B764A2331FB4058C00B151E6 /* ZFPlayerView.h */ = {isa = PBXFileReference; fileEncoding = 4; lastKnownFileType = sourcecode.c.h; path = ZFPlayerView.h; sourceTree = "<group>"; };
		B764A2341FB4058C00B151E6 /* ASValueTrackingSlider.h */ = {isa = PBXFileReference; fileEncoding = 4; lastKnownFileType = sourcecode.c.h; path = ASValueTrackingSlider.h; sourceTree = "<group>"; };
		B764A2351FB4058C00B151E6 /* ZFPlayer.h */ = {isa = PBXFileReference; fileEncoding = 4; lastKnownFileType = sourcecode.c.h; path = ZFPlayer.h; sourceTree = "<group>"; };
		B764A2361FB4058C00B151E6 /* ZFBrightnessView.m */ = {isa = PBXFileReference; fileEncoding = 4; lastKnownFileType = sourcecode.c.objc; path = ZFBrightnessView.m; sourceTree = "<group>"; };
		B764A2371FB4058C00B151E6 /* ZFPlayer.bundle */ = {isa = PBXFileReference; lastKnownFileType = "wrapper.plug-in"; path = ZFPlayer.bundle; sourceTree = "<group>"; };
		B764A2381FB4058C00B151E6 /* ZFPlayerModel.h */ = {isa = PBXFileReference; fileEncoding = 4; lastKnownFileType = sourcecode.c.h; path = ZFPlayerModel.h; sourceTree = "<group>"; };
		B764A2391FB4058C00B151E6 /* ASValuePopUpView.m */ = {isa = PBXFileReference; fileEncoding = 4; lastKnownFileType = sourcecode.c.objc; path = ASValuePopUpView.m; sourceTree = "<group>"; };
		B764A23A1FB4058C00B151E6 /* ZFPlayerControlView.m */ = {isa = PBXFileReference; fileEncoding = 4; lastKnownFileType = sourcecode.c.objc; path = ZFPlayerControlView.m; sourceTree = "<group>"; };
		B764A23B1FB4058C00B151E6 /* ZFPlayerView.m */ = {isa = PBXFileReference; fileEncoding = 4; lastKnownFileType = sourcecode.c.objc; path = ZFPlayerView.m; sourceTree = "<group>"; };
		B764A23C1FB4058C00B151E6 /* MMMaterialDesignSpinner.m */ = {isa = PBXFileReference; fileEncoding = 4; lastKnownFileType = sourcecode.c.objc; path = MMMaterialDesignSpinner.m; sourceTree = "<group>"; };
		B764A23D1FB4058C00B151E6 /* ZFBrightnessView.h */ = {isa = PBXFileReference; fileEncoding = 4; lastKnownFileType = sourcecode.c.h; path = ZFBrightnessView.h; sourceTree = "<group>"; };
		B764A23E1FB4058C00B151E6 /* ASValueTrackingSlider.m */ = {isa = PBXFileReference; fileEncoding = 4; lastKnownFileType = sourcecode.c.objc; path = ASValueTrackingSlider.m; sourceTree = "<group>"; };
		B764A24E1FB4361400B151E6 /* MoviePlayerViewController.h */ = {isa = PBXFileReference; lastKnownFileType = sourcecode.c.h; path = MoviePlayerViewController.h; sourceTree = "<group>"; };
		B764A24F1FB4361400B151E6 /* MoviePlayerViewController.m */ = {isa = PBXFileReference; lastKnownFileType = sourcecode.c.objc; path = MoviePlayerViewController.m; sourceTree = "<group>"; };
		B764A2521FB4371800B151E6 /* UINavigationController+ZFFullscreenPopGesture.m */ = {isa = PBXFileReference; fileEncoding = 4; lastKnownFileType = sourcecode.c.objc; path = "UINavigationController+ZFFullscreenPopGesture.m"; sourceTree = "<group>"; };
		B764A2531FB4371800B151E6 /* UINavigationController+ZFFullscreenPopGesture.h */ = {isa = PBXFileReference; fileEncoding = 4; lastKnownFileType = sourcecode.c.h; path = "UINavigationController+ZFFullscreenPopGesture.h"; sourceTree = "<group>"; };
		E1C7C783CAC93DA4B77A5503 /* Pods-LLPlayer.debug.xcconfig */ = {isa = PBXFileReference; includeInIndex = 1; lastKnownFileType = text.xcconfig; name = "Pods-LLPlayer.debug.xcconfig"; path = "Pods/Target Support Files/Pods-LLPlayer/Pods-LLPlayer.debug.xcconfig"; sourceTree = "<group>"; };
/* End PBXFileReference section */

/* Begin PBXFrameworksBuildPhase section */
		B76066C01FAC554600231B10 /* Frameworks */ = {
			isa = PBXFrameworksBuildPhase;
			buildActionMask = 2147483647;
			files = (
				A64EFC3F4C431C2D3B045E59 /* libPods-LLPlayer.a in Frameworks */,
			);
			runOnlyForDeploymentPostprocessing = 0;
		};
/* End PBXFrameworksBuildPhase section */

/* Begin PBXGroup section */
		0A4EA8078893F55A1B84D7F9 /* Frameworks */ = {
			isa = PBXGroup;
			children = (
				B764A2031FAFFCA000B151E6 /* CoreMedia.framework */,
				6C8411BECEF82C5B1A54C917 /* libPods-LLPlayer.a */,
			);
			name = Frameworks;
			sourceTree = "<group>";
		};
		2F0F2FECBBA6C98F2280B365 /* Pods */ = {
			isa = PBXGroup;
			children = (
				E1C7C783CAC93DA4B77A5503 /* Pods-LLPlayer.debug.xcconfig */,
				28B242DA0177ACB902252E32 /* Pods-LLPlayer.release.xcconfig */,
			);
			name = Pods;
			sourceTree = "<group>";
		};
		B76066BA1FAC554600231B10 = {
			isa = PBXGroup;
			children = (
				B76066C51FAC554600231B10 /* LLPlayer */,
				B76066C41FAC554600231B10 /* Products */,
				2F0F2FECBBA6C98F2280B365 /* Pods */,
				0A4EA8078893F55A1B84D7F9 /* Frameworks */,
			);
			sourceTree = "<group>";
		};
		B76066C41FAC554600231B10 /* Products */ = {
			isa = PBXGroup;
			children = (
				B76066C31FAC554600231B10 /* LLPlayer.app */,
			);
			name = Products;
			sourceTree = "<group>";
		};
		B76066C51FAC554600231B10 /* LLPlayer */ = {
			isa = PBXGroup;
			children = (
				B764A1D41FAC71BD00B151E6 /* PlayerViews */,
				B764A2551FB53A0B00B151E6 /* Helpers */,
				B764A2041FB03EBF00B151E6 /* SourceFrameworks */,
				B76066C61FAC554600231B10 /* AppDelegate.h */,
				B76066C71FAC554600231B10 /* AppDelegate.m */,
				B76066CF1FAC554600231B10 /* Assets.xcassets */,
				B76066D11FAC554600231B10 /* LaunchScreen.storyboard */,
				B76066D41FAC554600231B10 /* Info.plist */,
				B76066D51FAC554600231B10 /* main.m */,
				B764A1EC1FAEC78C00B151E6 /* PrefixHeader.pch */,
			);
			path = LLPlayer;
			sourceTree = "<group>";
		};
		B76066E01FAC56D800231B10 /* SBPlayer */ = {
			isa = PBXGroup;
			children = (
				B764A1F11FAF3CF800B151E6 /* Resource */,
				B760670B1FAC57B700231B10 /* SBPlayer.h */,
				B760670D1FAC57B700231B10 /* SBPlayer.m */,
				B76067111FAC57B800231B10 /* SBControlView.h */,
				B76067101FAC57B800231B10 /* SBControlView.m */,
				B760670C1FAC57B700231B10 /* SBPauseOrPlayView.h */,
				B760670F1FAC57B700231B10 /* SBPauseOrPlayView.m */,
				B760670E1FAC57B700231B10 /* SBCommonHeader.h */,
			);
			path = SBPlayer;
			sourceTree = "<group>";
		};
		B764A1D41FAC71BD00B151E6 /* PlayerViews */ = {
			isa = PBXGroup;
			children = (
				B764A1DE1FAEB3C600B151E6 /* Videos */,
				B764A1DF1FAEB3DA00B151E6 /* Records */,
				B764A1E01FAEB3E500B151E6 /* Settings */,
				B764A1D11FAC6C7B00B151E6 /* MainNavViewController.h */,
				B764A1D21FAC6C7B00B151E6 /* MainNavViewController.m */,
				B764A1CE1FAC650A00B151E6 /* MainTabBarViewController.h */,
				B764A1CF1FAC650A00B151E6 /* MainTabBarViewController.m */,
				B76066CC1FAC554600231B10 /* Main.storyboard */,
			);
			path = PlayerViews;
			sourceTree = "<group>";
		};
		B764A1DE1FAEB3C600B151E6 /* Videos */ = {
			isa = PBXGroup;
			children = (
				B764A1D51FAEB38300B151E6 /* VideosViewController.h */,
				B764A1D61FAEB38300B151E6 /* VideosViewController.m */,
				B764A1E11FAEBDAC00B151E6 /* VideoTableViewCell.h */,
				B764A1E21FAEBDAC00B151E6 /* VideoTableViewCell.m */,
				B764A1E31FAEBDAC00B151E6 /* VideoTableViewCell.xib */,
				B764A1E61FAEC28300B151E6 /* VideoItemModel.h */,
				B764A1E71FAEC28300B151E6 /* VideoItemModel.m */,
				B764A1E91FAEC5D300B151E6 /* DocumentWatcher.h */,
				B764A1EA1FAEC5D300B151E6 /* DocumentWatcher.m */,
				B764A1EE1FAF24A100B151E6 /* VideoPlayerViewController.h */,
				B764A1EF1FAF24A100B151E6 /* VideoPlayerViewController.m */,
				B764A24E1FB4361400B151E6 /* MoviePlayerViewController.h */,
				B764A24F1FB4361400B151E6 /* MoviePlayerViewController.m */,
			);
			path = Videos;
			sourceTree = "<group>";
		};
		B764A1DF1FAEB3DA00B151E6 /* Records */ = {
			isa = PBXGroup;
			children = (
				B764A1D81FAEB39000B151E6 /* RecordsViewController.h */,
				B764A1D91FAEB39000B151E6 /* RecordsViewController.m */,
			);
			path = Records;
			sourceTree = "<group>";
		};
		B764A1E01FAEB3E500B151E6 /* Settings */ = {
			isa = PBXGroup;
			children = (
				B764A1DB1FAEB39A00B151E6 /* ConfigViewController.h */,
				B764A1DC1FAEB39A00B151E6 /* ConfigViewController.m */,
			);
			path = Settings;
			sourceTree = "<group>";
		};
		B764A1F11FAF3CF800B151E6 /* Resource */ = {
			isa = PBXGroup;
			children = (
				B764A1F31FAF3D1B00B151E6 /* full_screen.png */,
				B764A1F21FAF3D1B00B151E6 /* full_screen@2x.png */,
				B764A1F51FAF3D1B00B151E6 /* knob.png */,
				B764A1F71FAF3D1B00B151E6 /* pause.png */,
				B764A1F61FAF3D1B00B151E6 /* pause@2x.png */,
				B764A1F41FAF3D1B00B151E6 /* play.png */,
				B764A1F81FAF3D1C00B151E6 /* play@2x.png */,
				B764A2191FB1B4E600B151E6 /* Player.xcassets */,
			);
			path = Resource;
			sourceTree = "<group>";
		};
		B764A2041FB03EBF00B151E6 /* SourceFrameworks */ = {
			isa = PBXGroup;
			children = (
				B764A2511FB4371800B151E6 /* ZFNavigationController */,
				B764A21E1FB4058C00B151E6 /* ZFPlayer */,
				B76066E01FAC56D800231B10 /* SBPlayer */,
			);
			path = SourceFrameworks;
			sourceTree = "<group>";
		};
		B764A21E1FB4058C00B151E6 /* ZFPlayer */ = {
			isa = PBXGroup;
			children = (
				B764A2371FB4058C00B151E6 /* ZFPlayer.bundle */,
				B764A2231FB4058C00B151E6 /* Category */,
				B764A2351FB4058C00B151E6 /* ZFPlayer.h */,
				B764A2201FB4058C00B151E6 /* ZFPlayerControlViewDelegate.h */,
				B764A2331FB4058C00B151E6 /* ZFPlayerView.h */,
				B764A23B1FB4058C00B151E6 /* ZFPlayerView.m */,
				B764A2211FB4058C00B151E6 /* ZFPlayerControlView.h */,
				B764A23A1FB4058C00B151E6 /* ZFPlayerControlView.m */,
				B764A2341FB4058C00B151E6 /* ASValueTrackingSlider.h */,
				B764A23E1FB4058C00B151E6 /* ASValueTrackingSlider.m */,
				B764A2221FB4058C00B151E6 /* ASValuePopUpView.h */,
				B764A2391FB4058C00B151E6 /* ASValuePopUpView.m */,
				B764A23D1FB4058C00B151E6 /* ZFBrightnessView.h */,
				B764A2361FB4058C00B151E6 /* ZFBrightnessView.m */,
				B764A2321FB4058C00B151E6 /* MMMaterialDesignSpinner.h */,
				B764A23C1FB4058C00B151E6 /* MMMaterialDesignSpinner.m */,
				B764A2381FB4058C00B151E6 /* ZFPlayerModel.h */,
				B764A21F1FB4058C00B151E6 /* ZFPlayerModel.m */,
			);
			path = ZFPlayer;
			sourceTree = "<group>";
		};
		B764A2231FB4058C00B151E6 /* Category */ = {
			isa = PBXGroup;
			children = (
				B764A2241FB4058C00B151E6 /* UIWindow+CurrentViewController.h */,
				B764A2251FB4058C00B151E6 /* UITabBarController+ZFPlayerRotation.m */,
				B764A2261FB4058C00B151E6 /* UINavigationController+ZFPlayerRotation.h */,
				B764A2271FB4058C00B151E6 /* UIView+CustomControlView.h */,
				B764A2281FB4058C00B151E6 /* UIViewController+ZFPlayerRotation.h */,
				B764A2291FB4058C00B151E6 /* UIImageView+ZFCache.h */,
				B764A22A1FB4058C00B151E6 /* UIAlertController+ZFPlayerRotation.h */,
				B764A22B1FB4058C00B151E6 /* UITabBarController+ZFPlayerRotation.h */,
				B764A22C1FB4058C00B151E6 /* UIWindow+CurrentViewController.m */,
				B764A22D1FB4058C00B151E6 /* UIView+CustomControlView.m */,
				B764A22E1FB4058C00B151E6 /* UINavigationController+ZFPlayerRotation.m */,
				B764A22F1FB4058C00B151E6 /* UIAlertController+ZFPlayerRotation.m */,
				B764A2301FB4058C00B151E6 /* UIImageView+ZFCache.m */,
				B764A2311FB4058C00B151E6 /* UIViewController+ZFPlayerRotation.m */,
			);
			path = Category;
			sourceTree = "<group>";
		};
		B764A2511FB4371800B151E6 /* ZFNavigationController */ = {
			isa = PBXGroup;
			children = (
				B764A2521FB4371800B151E6 /* UINavigationController+ZFFullscreenPopGesture.m */,
				B764A2531FB4371800B151E6 /* UINavigationController+ZFFullscreenPopGesture.h */,
			);
			path = ZFNavigationController;
			sourceTree = "<group>";
		};
		B764A2551FB53A0B00B151E6 /* Helpers */ = {
			isa = PBXGroup;
			children = (
				B764A1ED1FAEC83000B151E6 /* Macros.h */,
				B764A2001FAFFC7400B151E6 /* AVUtils.h */,
				B764A2011FAFFC7400B151E6 /* AVUtils.m */,
				B764A21B1FB1BA5300B151E6 /* FileHelpers.h */,
				B764A21C1FB1BA5300B151E6 /* FileHelpers.m */,
			);
			path = Helpers;
			sourceTree = "<group>";
		};
/* End PBXGroup section */

/* Begin PBXNativeTarget section */
		B76066C21FAC554600231B10 /* LLPlayer */ = {
			isa = PBXNativeTarget;
			buildConfigurationList = B76066D91FAC554600231B10 /* Build configuration list for PBXNativeTarget "LLPlayer" */;
			buildPhases = (
				778D6AEEAF6703E0F14A3BC9 /* [CP] Check Pods Manifest.lock */,
				B76066BF1FAC554600231B10 /* Sources */,
				B76066C01FAC554600231B10 /* Frameworks */,
				B76066C11FAC554600231B10 /* Resources */,
				14A1EED160478BB9AA9D82F9 /* [CP] Embed Pods Frameworks */,
				6237B6C0B91DD48ABEE3F0C4 /* [CP] Copy Pods Resources */,
			);
			buildRules = (
			);
			dependencies = (
			);
			name = LLPlayer;
			productName = LLPlayer;
			productReference = B76066C31FAC554600231B10 /* LLPlayer.app */;
			productType = "com.apple.product-type.application";
		};
/* End PBXNativeTarget section */

/* Begin PBXProject section */
		B76066BB1FAC554600231B10 /* Project object */ = {
			isa = PBXProject;
			attributes = {
				LastUpgradeCheck = 0910;
				ORGANIZATIONNAME = GC;
				TargetAttributes = {
					B76066C21FAC554600231B10 = {
						CreatedOnToolsVersion = 9.1;
						ProvisioningStyle = Automatic;
					};
				};
			};
			buildConfigurationList = B76066BE1FAC554600231B10 /* Build configuration list for PBXProject "LLPlayer" */;
			compatibilityVersion = "Xcode 8.0";
			developmentRegion = en;
			hasScannedForEncodings = 0;
			knownRegions = (
				en,
				Base,
			);
			mainGroup = B76066BA1FAC554600231B10;
			productRefGroup = B76066C41FAC554600231B10 /* Products */;
			projectDirPath = "";
			projectRoot = "";
			targets = (
				B76066C21FAC554600231B10 /* LLPlayer */,
			);
		};
/* End PBXProject section */

/* Begin PBXResourcesBuildPhase section */
		B76066C11FAC554600231B10 /* Resources */ = {
			isa = PBXResourcesBuildPhase;
			buildActionMask = 2147483647;
			files = (
				B764A1FB1FAF3D1C00B151E6 /* play.png in Resources */,
				B764A1F91FAF3D1C00B151E6 /* full_screen@2x.png in Resources */,
				B764A1FE1FAF3D1C00B151E6 /* pause.png in Resources */,
				B76066D31FAC554600231B10 /* LaunchScreen.storyboard in Resources */,
				B764A21A1FB1B4E600B151E6 /* Player.xcassets in Resources */,
				B764A1FA1FAF3D1C00B151E6 /* full_screen.png in Resources */,
				B764A1FD1FAF3D1C00B151E6 /* pause@2x.png in Resources */,
				B764A1E51FAEBDAC00B151E6 /* VideoTableViewCell.xib in Resources */,
				B764A1FC1FAF3D1C00B151E6 /* knob.png in Resources */,
				B764A1FF1FAF3D1C00B151E6 /* play@2x.png in Resources */,
				B764A2481FB4058C00B151E6 /* ZFPlayer.bundle in Resources */,
				B76066D01FAC554600231B10 /* Assets.xcassets in Resources */,
				B76066CE1FAC554600231B10 /* Main.storyboard in Resources */,
			);
			runOnlyForDeploymentPostprocessing = 0;
		};
/* End PBXResourcesBuildPhase section */

/* Begin PBXShellScriptBuildPhase section */
		14A1EED160478BB9AA9D82F9 /* [CP] Embed Pods Frameworks */ = {
			isa = PBXShellScriptBuildPhase;
			buildActionMask = 2147483647;
			files = (
			);
			inputPaths = (
			);
			name = "[CP] Embed Pods Frameworks";
			outputPaths = (
			);
			runOnlyForDeploymentPostprocessing = 0;
			shellPath = /bin/sh;
			shellScript = "\"${SRCROOT}/Pods/Target Support Files/Pods-LLPlayer/Pods-LLPlayer-frameworks.sh\"\n";
			showEnvVarsInLog = 0;
		};
		6237B6C0B91DD48ABEE3F0C4 /* [CP] Copy Pods Resources */ = {
			isa = PBXShellScriptBuildPhase;
			buildActionMask = 2147483647;
			files = (
			);
			inputPaths = (
			);
			name = "[CP] Copy Pods Resources";
			outputPaths = (
			);
			runOnlyForDeploymentPostprocessing = 0;
			shellPath = /bin/sh;
			shellScript = "\"${SRCROOT}/Pods/Target Support Files/Pods-LLPlayer/Pods-LLPlayer-resources.sh\"\n";
			showEnvVarsInLog = 0;
		};
		778D6AEEAF6703E0F14A3BC9 /* [CP] Check Pods Manifest.lock */ = {
			isa = PBXShellScriptBuildPhase;
			buildActionMask = 2147483647;
			files = (
			);
			inputPaths = (
				"${PODS_PODFILE_DIR_PATH}/Podfile.lock",
				"${PODS_ROOT}/Manifest.lock",
			);
			name = "[CP] Check Pods Manifest.lock";
			outputPaths = (
				"$(DERIVED_FILE_DIR)/Pods-LLPlayer-checkManifestLockResult.txt",
			);
			runOnlyForDeploymentPostprocessing = 0;
			shellPath = /bin/sh;
			shellScript = "diff \"${PODS_PODFILE_DIR_PATH}/Podfile.lock\" \"${PODS_ROOT}/Manifest.lock\" > /dev/null\nif [ $? != 0 ] ; then\n    # print error to STDERR\n    echo \"error: The sandbox is not in sync with the Podfile.lock. Run 'pod install' or update your CocoaPods installation.\" >&2\n    exit 1\nfi\n# This output is used by Xcode 'outputs' to avoid re-running this script phase.\necho \"SUCCESS\" > \"${SCRIPT_OUTPUT_FILE_0}\"\n";
			showEnvVarsInLog = 0;
		};
/* End PBXShellScriptBuildPhase section */

/* Begin PBXSourcesBuildPhase section */
		B76066BF1FAC554600231B10 /* Sources */ = {
			isa = PBXSourcesBuildPhase;
			buildActionMask = 2147483647;
			files = (
				B764A23F1FB4058C00B151E6 /* ZFPlayerModel.m in Sources */,
				B764A1D31FAC6C7B00B151E6 /* MainNavViewController.m in Sources */,
				B764A1E41FAEBDAC00B151E6 /* VideoTableViewCell.m in Sources */,
				B764A2491FB4058C00B151E6 /* ASValuePopUpView.m in Sources */,
				B764A1E81FAEC28300B151E6 /* VideoItemModel.m in Sources */,
				B764A1DA1FAEB39000B151E6 /* RecordsViewController.m in Sources */,
				B764A1DD1FAEB39A00B151E6 /* ConfigViewController.m in Sources */,
				B764A2411FB4058C00B151E6 /* UIWindow+CurrentViewController.m in Sources */,
				B764A2541FB4371800B151E6 /* UINavigationController+ZFFullscreenPopGesture.m in Sources */,
				B764A24A1FB4058C00B151E6 /* ZFPlayerControlView.m in Sources */,
				B764A24B1FB4058C00B151E6 /* ZFPlayerView.m in Sources */,
				B76067141FAC57B800231B10 /* SBControlView.m in Sources */,
				B764A2421FB4058C00B151E6 /* UIView+CustomControlView.m in Sources */,
				B764A2451FB4058C00B151E6 /* UIImageView+ZFCache.m in Sources */,
				B764A1D71FAEB38300B151E6 /* VideosViewController.m in Sources */,
				B764A2501FB4361400B151E6 /* MoviePlayerViewController.m in Sources */,
				B764A1F01FAF24A100B151E6 /* VideoPlayerViewController.m in Sources */,
				B76066D61FAC554600231B10 /* main.m in Sources */,
				B76067131FAC57B800231B10 /* SBPauseOrPlayView.m in Sources */,
				B764A24D1FB4058C00B151E6 /* ASValueTrackingSlider.m in Sources */,
				B764A1EB1FAEC5D300B151E6 /* DocumentWatcher.m in Sources */,
				B764A2471FB4058C00B151E6 /* ZFBrightnessView.m in Sources */,
				B764A21D1FB1BA5400B151E6 /* FileHelpers.m in Sources */,
				B764A1D01FAC650A00B151E6 /* MainTabBarViewController.m in Sources */,
				B764A2401FB4058C00B151E6 /* UITabBarController+ZFPlayerRotation.m in Sources */,
				B764A2021FAFFC7400B151E6 /* AVUtils.m in Sources */,
				B764A2461FB4058C00B151E6 /* UIViewController+ZFPlayerRotation.m in Sources */,
				B764A24C1FB4058C00B151E6 /* MMMaterialDesignSpinner.m in Sources */,
				B76066C81FAC554600231B10 /* AppDelegate.m in Sources */,
				B764A2431FB4058C00B151E6 /* UINavigationController+ZFPlayerRotation.m in Sources */,
				B76067121FAC57B800231B10 /* SBPlayer.m in Sources */,
				B764A2441FB4058C00B151E6 /* UIAlertController+ZFPlayerRotation.m in Sources */,
			);
			runOnlyForDeploymentPostprocessing = 0;
		};
/* End PBXSourcesBuildPhase section */

/* Begin PBXVariantGroup section */
		B76066CC1FAC554600231B10 /* Main.storyboard */ = {
			isa = PBXVariantGroup;
			children = (
				B76066CD1FAC554600231B10 /* Base */,
			);
			name = Main.storyboard;
			sourceTree = "<group>";
		};
		B76066D11FAC554600231B10 /* LaunchScreen.storyboard */ = {
			isa = PBXVariantGroup;
			children = (
				B76066D21FAC554600231B10 /* Base */,
			);
			name = LaunchScreen.storyboard;
			sourceTree = "<group>";
		};
/* End PBXVariantGroup section */

/* Begin XCBuildConfiguration section */
		B76066D71FAC554600231B10 /* Debug */ = {
			isa = XCBuildConfiguration;
			buildSettings = {
				ALWAYS_SEARCH_USER_PATHS = NO;
				CLANG_ANALYZER_NONNULL = YES;
				CLANG_ANALYZER_NUMBER_OBJECT_CONVERSION = YES_AGGRESSIVE;
				CLANG_CXX_LANGUAGE_STANDARD = "gnu++14";
				CLANG_CXX_LIBRARY = "libc++";
				CLANG_ENABLE_MODULES = YES;
				CLANG_ENABLE_OBJC_ARC = YES;
				CLANG_WARN_BLOCK_CAPTURE_AUTORELEASING = YES;
				CLANG_WARN_BOOL_CONVERSION = YES;
				CLANG_WARN_COMMA = YES;
				CLANG_WARN_CONSTANT_CONVERSION = YES;
				CLANG_WARN_DIRECT_OBJC_ISA_USAGE = YES_ERROR;
				CLANG_WARN_DOCUMENTATION_COMMENTS = YES;
				CLANG_WARN_EMPTY_BODY = YES;
				CLANG_WARN_ENUM_CONVERSION = YES;
				CLANG_WARN_INFINITE_RECURSION = YES;
				CLANG_WARN_INT_CONVERSION = YES;
				CLANG_WARN_NON_LITERAL_NULL_CONVERSION = YES;
				CLANG_WARN_OBJC_LITERAL_CONVERSION = YES;
				CLANG_WARN_OBJC_ROOT_CLASS = YES_ERROR;
				CLANG_WARN_RANGE_LOOP_ANALYSIS = YES;
				CLANG_WARN_STRICT_PROTOTYPES = YES;
				CLANG_WARN_SUSPICIOUS_MOVE = YES;
				CLANG_WARN_UNGUARDED_AVAILABILITY = YES_AGGRESSIVE;
				CLANG_WARN_UNREACHABLE_CODE = YES;
				CLANG_WARN__DUPLICATE_METHOD_MATCH = YES;
				CODE_SIGN_IDENTITY = "iPhone Developer";
				COPY_PHASE_STRIP = NO;
				DEBUG_INFORMATION_FORMAT = dwarf;
				ENABLE_STRICT_OBJC_MSGSEND = YES;
				ENABLE_TESTABILITY = YES;
				GCC_C_LANGUAGE_STANDARD = gnu11;
				GCC_DYNAMIC_NO_PIC = NO;
				GCC_NO_COMMON_BLOCKS = YES;
				GCC_OPTIMIZATION_LEVEL = 0;
				GCC_PREPROCESSOR_DEFINITIONS = (
					"DEBUG=1",
					"$(inherited)",
				);
				GCC_WARN_64_TO_32_BIT_CONVERSION = YES;
				GCC_WARN_ABOUT_RETURN_TYPE = YES_ERROR;
				GCC_WARN_UNDECLARED_SELECTOR = YES;
				GCC_WARN_UNINITIALIZED_AUTOS = YES_AGGRESSIVE;
				GCC_WARN_UNUSED_FUNCTION = YES;
				GCC_WARN_UNUSED_VARIABLE = YES;
				IPHONEOS_DEPLOYMENT_TARGET = 11.1;
				MTL_ENABLE_DEBUG_INFO = YES;
				ONLY_ACTIVE_ARCH = YES;
				SDKROOT = iphoneos;
			};
			name = Debug;
		};
		B76066D81FAC554600231B10 /* Release */ = {
			isa = XCBuildConfiguration;
			buildSettings = {
				ALWAYS_SEARCH_USER_PATHS = NO;
				CLANG_ANALYZER_NONNULL = YES;
				CLANG_ANALYZER_NUMBER_OBJECT_CONVERSION = YES_AGGRESSIVE;
				CLANG_CXX_LANGUAGE_STANDARD = "gnu++14";
				CLANG_CXX_LIBRARY = "libc++";
				CLANG_ENABLE_MODULES = YES;
				CLANG_ENABLE_OBJC_ARC = YES;
				CLANG_WARN_BLOCK_CAPTURE_AUTORELEASING = YES;
				CLANG_WARN_BOOL_CONVERSION = YES;
				CLANG_WARN_COMMA = YES;
				CLANG_WARN_CONSTANT_CONVERSION = YES;
				CLANG_WARN_DIRECT_OBJC_ISA_USAGE = YES_ERROR;
				CLANG_WARN_DOCUMENTATION_COMMENTS = YES;
				CLANG_WARN_EMPTY_BODY = YES;
				CLANG_WARN_ENUM_CONVERSION = YES;
				CLANG_WARN_INFINITE_RECURSION = YES;
				CLANG_WARN_INT_CONVERSION = YES;
				CLANG_WARN_NON_LITERAL_NULL_CONVERSION = YES;
				CLANG_WARN_OBJC_LITERAL_CONVERSION = YES;
				CLANG_WARN_OBJC_ROOT_CLASS = YES_ERROR;
				CLANG_WARN_RANGE_LOOP_ANALYSIS = YES;
				CLANG_WARN_STRICT_PROTOTYPES = YES;
				CLANG_WARN_SUSPICIOUS_MOVE = YES;
				CLANG_WARN_UNGUARDED_AVAILABILITY = YES_AGGRESSIVE;
				CLANG_WARN_UNREACHABLE_CODE = YES;
				CLANG_WARN__DUPLICATE_METHOD_MATCH = YES;
				CODE_SIGN_IDENTITY = "iPhone Developer";
				COPY_PHASE_STRIP = NO;
				DEBUG_INFORMATION_FORMAT = "dwarf-with-dsym";
				ENABLE_NS_ASSERTIONS = NO;
				ENABLE_STRICT_OBJC_MSGSEND = YES;
				GCC_C_LANGUAGE_STANDARD = gnu11;
				GCC_NO_COMMON_BLOCKS = YES;
				GCC_WARN_64_TO_32_BIT_CONVERSION = YES;
				GCC_WARN_ABOUT_RETURN_TYPE = YES_ERROR;
				GCC_WARN_UNDECLARED_SELECTOR = YES;
				GCC_WARN_UNINITIALIZED_AUTOS = YES_AGGRESSIVE;
				GCC_WARN_UNUSED_FUNCTION = YES;
				GCC_WARN_UNUSED_VARIABLE = YES;
				IPHONEOS_DEPLOYMENT_TARGET = 11.1;
				MTL_ENABLE_DEBUG_INFO = NO;
				SDKROOT = iphoneos;
				VALIDATE_PRODUCT = YES;
			};
			name = Release;
		};
		B76066DA1FAC554600231B10 /* Debug */ = {
			isa = XCBuildConfiguration;
			baseConfigurationReference = E1C7C783CAC93DA4B77A5503 /* Pods-LLPlayer.debug.xcconfig */;
			buildSettings = {
				ASSETCATALOG_COMPILER_APPICON_NAME = AppIcon;
				CODE_SIGN_STYLE = Automatic;
				DEVELOPMENT_TEAM = F3GJU4GM83;
				GCC_PRECOMPILE_PREFIX_HEADER = YES;
				GCC_PREFIX_HEADER = "$(SRCROOT)/$(TARGET_NAME)/PrefixHeader.pch";
				INFOPLIST_FILE = LLPlayer/Info.plist;
				IPHONEOS_DEPLOYMENT_TARGET = 9.0;
				LD_RUNPATH_SEARCH_PATHS = "$(inherited) @executable_path/Frameworks";
				PRODUCT_BUNDLE_IDENTIFIER = com.overmindgc.LLPlayer;
				PRODUCT_NAME = "$(TARGET_NAME)";
				TARGETED_DEVICE_FAMILY = "1,2";
			};
			name = Debug;
		};
		B76066DB1FAC554600231B10 /* Release */ = {
			isa = XCBuildConfiguration;
			baseConfigurationReference = 28B242DA0177ACB902252E32 /* Pods-LLPlayer.release.xcconfig */;
			buildSettings = {
				ASSETCATALOG_COMPILER_APPICON_NAME = AppIcon;
				CODE_SIGN_STYLE = Automatic;
				DEVELOPMENT_TEAM = F3GJU4GM83;
				GCC_PRECOMPILE_PREFIX_HEADER = YES;
				GCC_PREFIX_HEADER = "$(SRCROOT)/$(TARGET_NAME)/PrefixHeader.pch";
				INFOPLIST_FILE = LLPlayer/Info.plist;
				IPHONEOS_DEPLOYMENT_TARGET = 9.0;
				LD_RUNPATH_SEARCH_PATHS = "$(inherited) @executable_path/Frameworks";
				PRODUCT_BUNDLE_IDENTIFIER = com.overmindgc.LLPlayer;
				PRODUCT_NAME = "$(TARGET_NAME)";
				TARGETED_DEVICE_FAMILY = "1,2";
			};
			name = Release;
		};
/* End XCBuildConfiguration section */

/* Begin XCConfigurationList section */
		B76066BE1FAC554600231B10 /* Build configuration list for PBXProject "LLPlayer" */ = {
			isa = XCConfigurationList;
			buildConfigurations = (
				B76066D71FAC554600231B10 /* Debug */,
				B76066D81FAC554600231B10 /* Release */,
			);
			defaultConfigurationIsVisible = 0;
			defaultConfigurationName = Release;
		};
		B76066D91FAC554600231B10 /* Build configuration list for PBXNativeTarget "LLPlayer" */ = {
			isa = XCConfigurationList;
			buildConfigurations = (
				B76066DA1FAC554600231B10 /* Debug */,
				B76066DB1FAC554600231B10 /* Release */,
			);
			defaultConfigurationIsVisible = 0;
			defaultConfigurationName = Release;
		};
/* End XCConfigurationList section */
	};
	rootObject = B76066BB1FAC554600231B10 /* Project object */;
}
